
Microsoft Visual Studio Solution File, Format Version 12.00
# Visual Studio Version 17
VisualStudioVersion = 17.9.34714.143
MinimumVisualStudioVersion = 10.0.40219.1
Project("{9A19103F-16F7-4668-BE54-9A1E7A4F7556}") = "Kafka.Producer", "Kafka.Producer\Kafka.Producer.csproj", "{41FED70A-48FA-4A14-93DB-7BFB7C68FC94}"
EndProject
Project("{FAE04EC0-301F-11D3-BF4B-00C04F79EFBC}") = "Kafka.Consumer", "Kafka.Consumer\Kafka.Consumer.csproj", "{A0A02624-0515-45F2-84FA-CABCF1288355}"
EndProject
Project("{2150E333-8FDC-42A3-9474-1A3956D46DE8}") = "Solution Items", "Solution Items", "{A10A423F-6D62-43B9-BDD8-B9FB42180E10}"
	ProjectSection(SolutionItems) = preProject
		docker-compose.yml = docker-compose.yml
		ReadMe.md = ReadMe.md
	EndProjectSection
EndProject
Global
	GlobalSection(SolutionConfigurationPlatforms) = preSolution
		Debug|Any CPU = Debug|Any CPU
		Release|Any CPU = Release|Any CPU
	EndGlobalSection
	GlobalSection(ProjectConfigurationPlatforms) = postSolution
		{41FED70A-48FA-4A14-93DB-7BFB7C68FC94}.Debug|Any CPU.ActiveCfg = Debug|Any CPU
		{41FED70A-48FA-4A14-93DB-7BFB7C68FC94}.Debug|Any CPU.Build.0 = Debug|Any CPU
		{41FED70A-48FA-4A14-93DB-7BFB7C68FC94}.Release|Any CPU.ActiveCfg = Release|Any CPU
		{41FED70A-48FA-4A14-93DB-7BFB7C68FC94}.Release|Any CPU.Build.0 = Release|Any CPU
		{A0A02624-0515-45F2-84FA-CABCF1288355}.Debug|Any CPU.ActiveCfg = Debug|Any CPU
		{A0A02624-0515-45F2-84FA-CABCF1288355}.Debug|Any CPU.Build.0 = Debug|Any CPU
		{A0A02624-0515-45F2-84FA-CABCF1288355}.Release|Any CPU.ActiveCfg = Release|Any CPU
		{A0A02624-0515-45F2-84FA-CABCF1288355}.Release|Any CPU.Build.0 = Release|Any CPU
	EndGlobalSection
	GlobalSection(SolutionProperties) = preSolution
		HideSolutionNode = FALSE
	EndGlobalSection
	GlobalSection(ExtensibilityGlobals) = postSolution
		SolutionGuid = {6FDB7D22-3CB9-4848-8442-BC2E7E16B3E1}
	EndGlobalSection
EndGlobal
